// !$*UTF8*$!
{
	archiveVersion = 1;
	classes = {
	};
	objectVersion = 56;
	objects = {

/* Begin PBXBuildFile section */
		1A00000000000000000000SP /* Sparkle in Frameworks */ = {isa = PBXBuildFile; productRef = 1A00000000000000000000S1 /* Sparkle */; };
		1A0000000000000000000100 /* DebugTools.swift in Sources */ = {isa = PBXBuildFile; fileRef = 1A0000000000000000000101 /* DebugTools.swift */; };
		1A0000000000000000000001 /* MeetingRecorderApp.swift in Sources */ = {isa = PBXBuildFile; fileRef = 1A0000000000000000000011 /* MeetingRecorderApp.swift */; };
		1A0000000000000000000002 /* ContentView.swift in Sources */ = {isa = PBXBuildFile; fileRef = 1A0000000000000000000012 /* ContentView.swift */; };
		1A0000000000000000000003 /* ValidationManager.swift in Sources */ = {isa = PBXBuildFile; fileRef = 1A0000000000000000000013 /* ValidationManager.swift */; };
		1A0000000000000000000004 /* KeychainHelper.swift in Sources */ = {isa = PBXBuildFile; fileRef = 1A0000000000000000000014 /* KeychainHelper.swift */; };
		1A0000000000000000000005 /* AudioCaptureManager.swift in Sources */ = {isa = PBXBuildFile; fileRef = 1A0000000000000000000017 /* AudioCaptureManager.swift */; };
		1A0000000000000000000006 /* TranscriptionService.swift in Sources */ = {isa = PBXBuildFile; fileRef = 1A0000000000000000000018 /* TranscriptionService.swift */; };
		1A0000000000000000000007 /* Meeting.swift in Sources */ = {isa = PBXBuildFile; fileRef = 1A0000000000000000000019 /* Meeting.swift */; };
		1A0000000000000000000008 /* DatabaseManager.swift in Sources */ = {isa = PBXBuildFile; fileRef = 1A000000000000000000001A /* DatabaseManager.swift */; };
		1A0000000000000000000009 /* MeetingListView.swift in Sources */ = {isa = PBXBuildFile; fileRef = 1A000000000000000000001B /* MeetingListView.swift */; };
		1A000000000000000000000A /* MeetingDetailView.swift in Sources */ = {isa = PBXBuildFile; fileRef = 1A000000000000000000001C /* MeetingDetailView.swift */; };
		1A000000000000000000000B /* GRDB in Frameworks */ = {isa = PBXBuildFile; productRef = 1A00000000000000000000A1 /* GRDB */; };
		1A00000000000000000000C0 /* CalendarView.swift in Sources */ = {isa = PBXBuildFile; fileRef = 1A000000000000000000001D /* CalendarView.swift */; };
		1A00000000000000000000C1 /* CalendarMeetingRow.swift in Sources */ = {isa = PBXBuildFile; fileRef = 1A000000000000000000001E /* CalendarMeetingRow.swift */; };
		1A00000000000000000000C2 /* SearchResultsView.swift in Sources */ = {isa = PBXBuildFile; fileRef = 1A000000000000000000001F /* SearchResultsView.swift */; };
		1A00000000000000000000C3 /* DictationManager.swift in Sources */ = {isa = PBXBuildFile; fileRef = 1A00000000000000000000B0 /* DictationManager.swift */; };
		1A00000000000000000000C4 /* DictationIndicatorView.swift in Sources */ = {isa = PBXBuildFile; fileRef = 1A00000000000000000000B1 /* DictationIndicatorView.swift */; };
		1A00000000000000000000C5 /* DictationOverlayWindow.swift in Sources */ = {isa = PBXBuildFile; fileRef = 1A00000000000000000000B2 /* DictationOverlayWindow.swift */; };
		1A00000000000000000000C6 /* HotkeyManager.swift in Sources */ = {isa = PBXBuildFile; fileRef = 1A00000000000000000000B3 /* HotkeyManager.swift */; };
		1A00000000000000000000C7 /* AgentAPIManager.swift in Sources */ = {isa = PBXBuildFile; fileRef = 1A00000000000000000000B4 /* AgentAPIManager.swift */; };
		1A00000000000000000000C8 /* OnboardingView.swift in Sources */ = {isa = PBXBuildFile; fileRef = 1A00000000000000000000B5 /* OnboardingView.swift */; };
		1A00000000000000000000C9 /* SettingsView.swift in Sources */ = {isa = PBXBuildFile; fileRef = 1A00000000000000000000B6 /* SettingsView.swift */; };
		1A00000000000000000000CA /* ErrorHandlingView.swift in Sources */ = {isa = PBXBuildFile; fileRef = 1A00000000000000000000B7 /* ErrorHandlingView.swift */; };
		1A00000000000000000000E0 /* RecordingIsland.swift in Sources */ = {isa = PBXBuildFile; fileRef = 1A00000000000000000000D0 /* RecordingIsland.swift */; };
		1A00000000000000000000E1 /* MainAppWindow.swift in Sources */ = {isa = PBXBuildFile; fileRef = 1A00000000000000000000D1 /* MainAppWindow.swift */; };
		1A00000000000000000000E2 /* OnboardingWizard.swift in Sources */ = {isa = PBXBuildFile; fileRef = 1A00000000000000000000D2 /* OnboardingWizard.swift */; };
		1A00000000000000000000E3 /* QuickDictationPill.swift in Sources */ = {isa = PBXBuildFile; fileRef = 1A00000000000000000000D3 /* QuickDictationPill.swift */; };
		1A00000000000000000000E4 /* QuickRecording.swift in Sources */ = {isa = PBXBuildFile; fileRef = 1A00000000000000000000D4 /* QuickRecording.swift */; };
		1A00000000000000000000E5 /* MeetingDetector.swift in Sources */ = {isa = PBXBuildFile; fileRef = 1A00000000000000000000D5 /* MeetingDetector.swift */; };
		1A00000000000000000000E6 /* ErrorToast.swift in Sources */ = {isa = PBXBuildFile; fileRef = 1A00000000000000000000D6 /* ErrorToast.swift */; };
		1A00000000000000000000F0 /* SummaryTemplate.swift in Sources */ = {isa = PBXBuildFile; fileRef = 1A00000000000000000000F1 /* SummaryTemplate.swift */; };
		1A00000000000000000000F2 /* PostProcessingService.swift in Sources */ = {isa = PBXBuildFile; fileRef = 1A00000000000000000000F3 /* PostProcessingService.swift */; };
		1A00000000000000000000F4 /* SummaryTemplatesSettingsTab.swift in Sources */ = {isa = PBXBuildFile; fileRef = 1A00000000000000000000F5 /* SummaryTemplatesSettingsTab.swift */; };
		1A00000000000000000000F6 /* BrandAssets.swift in Sources */ = {isa = PBXBuildFile; fileRef = 1A00000000000000000000F7 /* BrandAssets.swift */; };
		1A00000000000000000000F8 /* SidebarView.swift in Sources */ = {isa = PBXBuildFile; fileRef = 1A00000000000000000000F9 /* SidebarView.swift */; };
		1A00000000000000000000FA /* HomeView.swift in Sources */ = {isa = PBXBuildFile; fileRef = 1A00000000000000000000FB /* HomeView.swift */; };
		1A00000000000000000000FC /* AnalyticsView.swift in Sources */ = {isa = PBXBuildFile; fileRef = 1A00000000000000000000FD /* AnalyticsView.swift */; };
		1A00000000000000000000FE /* TemplatesView.swift in Sources */ = {isa = PBXBuildFile; fileRef = 1A00000000000000000000FF /* TemplatesView.swift */; };
		1A0000000000000000000102 /* ParticipantService.swift in Sources */ = {isa = PBXBuildFile; fileRef = 1A0000000000000000000103 /* ParticipantService.swift */; };
		1A0000000000000000000104 /* SpeakerLabelingView.swift in Sources */ = {isa = PBXBuildFile; fileRef = 1A0000000000000000000105 /* SpeakerLabelingView.swift */; };
		1A0000000000000000000106 /* AudioCompressor.swift in Sources */ = {isa = PBXBuildFile; fileRef = 1A0000000000000000000107 /* AudioCompressor.swift */; };
		1A0000000000000000000108 /* SilenceProcessor.swift in Sources */ = {isa = PBXBuildFile; fileRef = 1A0000000000000000000109 /* SilenceProcessor.swift */; };
		1A000000000000000000010A /* BrandComponents.swift in Sources */ = {isa = PBXBuildFile; fileRef = 1A000000000000000000010B /* BrandComponents.swift */; };
		1A000000000000000000010C /* TestAPIServer.swift in Sources */ = {isa = PBXBuildFile; fileRef = 1A000000000000000000010D /* TestAPIServer.swift */; };
		1A000000000000000000010E /* AppLogger.swift in Sources */ = {isa = PBXBuildFile; fileRef = 1A000000000000000000010F /* AppLogger.swift */; };
		1A0000000000000000000110 /* MeetingGroup.swift in Sources */ = {isa = PBXBuildFile; fileRef = 1A0000000000000000000111 /* MeetingGroup.swift */; };
		1A0000000000000000000112 /* GroupManager.swift in Sources */ = {isa = PBXBuildFile; fileRef = 1A0000000000000000000113 /* GroupManager.swift */; };
		1A0000000000000000000114 /* MeetingGroupsView.swift in Sources */ = {isa = PBXBuildFile; fileRef = 1A0000000000000000000115 /* MeetingGroupsView.swift */; };
		F4WHATSAPP00002 /* WhatsAppCallDetector.swift in Sources */ = {isa = PBXBuildFile; fileRef = F4WHATSAPP00001 /* WhatsAppCallDetector.swift */; };
		1AAUTORULE00002 /* AutoRuleStats.swift in Sources */ = {isa = PBXBuildFile; fileRef = 1AAUTORULE00001 /* AutoRuleStats.swift */; };
		1ATRANSPROC00002 /* TranscriptionProcess.swift in Sources */ = {isa = PBXBuildFile; fileRef = 1ATRANSPROC00001 /* TranscriptionProcess.swift */; };
		1ASUMMAPROC00002 /* SummarizationProcess.swift in Sources */ = {isa = PBXBuildFile; fileRef = 1ASUMMAPROC00001 /* SummarizationProcess.swift */; };
		1AAPICALLLOG00002 /* APICallLog.swift in Sources */ = {isa = PBXBuildFile; fileRef = 1AAPICALLLOG00001 /* APICallLog.swift */; };
		1BPROJECT00002 /* Project.swift in Sources */ = {isa = PBXBuildFile; fileRef = 1BPROJECT00001 /* Project.swift */; };
		1BPROJMGR00002 /* ProjectManager.swift in Sources */ = {isa = PBXBuildFile; fileRef = 1BPROJMGR00001 /* ProjectManager.swift */; };
		1BPROJVIEW00002 /* ProjectsView.swift in Sources */ = {isa = PBXBuildFile; fileRef = 1BPROJVIEW00001 /* ProjectsView.swift */; };
		1BPROJDASH00002 /* ProjectDashboardView.swift in Sources */ = {isa = PBXBuildFile; fileRef = 1BPROJDASH00001 /* ProjectDashboardView.swift */; };
		1BDEEPGRAM00002 /* DeepgramTranscriptionProvider.swift in Sources */ = {isa = PBXBuildFile; fileRef = 1BDEEPGRAM00001 /* DeepgramTranscriptionProvider.swift */; };
		1CSPEAKERID00002 /* SpeakerIdentificationService.swift in Sources */ = {isa = PBXBuildFile; fileRef = 1CSPEAKERID00001 /* SpeakerIdentificationService.swift */; };
		1CACTIONITEM00002 /* ActionItem.swift in Sources */ = {isa = PBXBuildFile; fileRef = 1CACTIONITEM00001 /* ActionItem.swift */; };
		1CACTIONMGR00002 /* ActionItemManager.swift in Sources */ = {isa = PBXBuildFile; fileRef = 1CACTIONMGR00001 /* ActionItemManager.swift */; };
		1CACTIONVIEWS00002 /* ActionItemViews.swift in Sources */ = {isa = PBXBuildFile; fileRef = 1CACTIONVIEWS00001 /* ActionItemViews.swift */; };
		1CACTIONDASH00002 /* ActionItemsDashboardView.swift in Sources */ = {isa = PBXBuildFile; fileRef = 1CACTIONDASH00001 /* ActionItemsDashboardView.swift */; };
		1DCLIINSTALL00002 /* CLIInstaller.swift in Sources */ = {isa = PBXBuildFile; fileRef = 1DCLIINSTALL00001 /* CLIInstaller.swift */; };
		1EMTGTEMPL00002 /* MeetingTemplate.swift in Sources */ = {isa = PBXBuildFile; fileRef = 1EMTGTEMPL00001 /* MeetingTemplate.swift */; };
		1EMTGTEMPLVIEW00002 /* MeetingTemplatesView.swift in Sources */ = {isa = PBXBuildFile; fileRef = 1EMTGTEMPLVIEW00001 /* MeetingTemplatesView.swift */; };
		1FVOICEEMBED00002 /* VoiceEmbeddingClient.swift in Sources */ = {isa = PBXBuildFile; fileRef = 1FVOICEEMBED00001 /* VoiceEmbeddingClient.swift */; };
		1FSPEAKERPROF00002 /* SpeakerProfile.swift in Sources */ = {isa = PBXBuildFile; fileRef = 1FSPEAKERPROF00001 /* SpeakerProfile.swift */; };
		1FSPEAKERSET00002 /* SpeakerProfilesSettingsView.swift in Sources */ = {isa = PBXBuildFile; fileRef = 1FSPEAKERSET00001 /* SpeakerProfilesSettingsView.swift */; };
		1FSPEAKEREMBED00002 /* SpeakerEmbeddingService.swift in Sources */ = {isa = PBXBuildFile; fileRef = 1FSPEAKEREMBED00001 /* SpeakerEmbeddingService.swift */; };
		1GTRANSCITE00002 /* TranscriptCitation.swift in Sources */ = {isa = PBXBuildFile; fileRef = 1GTRANSCITE00001 /* TranscriptCitation.swift */; };
		1HAUDIOIMP00002 /* AudioImportManager.swift in Sources */ = {isa = PBXBuildFile; fileRef = 1HAUDIOIMP00001 /* AudioImportManager.swift */; };
/* End PBXBuildFile section */

/* Begin PBXFileReference section */
		1A0000000000000000000010 /* MeetingRecorder.app */ = {isa = PBXFileReference; explicitFileType = wrapper.application; includeInIndex = 0; path = MeetingRecorder.app; sourceTree = BUILT_PRODUCTS_DIR; };
		1A0000000000000000000011 /* MeetingRecorderApp.swift */ = {isa = PBXFileReference; lastKnownFileType = sourcecode.swift; path = MeetingRecorderApp.swift; sourceTree = "<group>"; };
		1A0000000000000000000012 /* ContentView.swift */ = {isa = PBXFileReference; lastKnownFileType = sourcecode.swift; path = ContentView.swift; sourceTree = "<group>"; };
		1A0000000000000000000013 /* ValidationManager.swift */ = {isa = PBXFileReference; lastKnownFileType = sourcecode.swift; path = ValidationManager.swift; sourceTree = "<group>"; };
		1A0000000000000000000014 /* KeychainHelper.swift */ = {isa = PBXFileReference; lastKnownFileType = sourcecode.swift; path = KeychainHelper.swift; sourceTree = "<group>"; };
		1A0000000000000000000015 /* Info.plist */ = {isa = PBXFileReference; lastKnownFileType = text.plist.xml; path = Info.plist; sourceTree = "<group>"; };
		1A0000000000000000000016 /* MeetingRecorder.entitlements */ = {isa = PBXFileReference; lastKnownFileType = text.plist.entitlements; path = MeetingRecorder.entitlements; sourceTree = "<group>"; };
		1A0000000000000000000017 /* AudioCaptureManager.swift */ = {isa = PBXFileReference; lastKnownFileType = sourcecode.swift; path = AudioCaptureManager.swift; sourceTree = "<group>"; };
		1A0000000000000000000018 /* TranscriptionService.swift */ = {isa = PBXFileReference; lastKnownFileType = sourcecode.swift; path = TranscriptionService.swift; sourceTree = "<group>"; };
		1A0000000000000000000019 /* Meeting.swift */ = {isa = PBXFileReference; lastKnownFileType = sourcecode.swift; path = Meeting.swift; sourceTree = "<group>"; };
		1A000000000000000000001A /* DatabaseManager.swift */ = {isa = PBXFileReference; lastKnownFileType = sourcecode.swift; path = DatabaseManager.swift; sourceTree = "<group>"; };
		1A000000000000000000001B /* MeetingListView.swift */ = {isa = PBXFileReference; lastKnownFileType = sourcecode.swift; path = MeetingListView.swift; sourceTree = "<group>"; };
		1A000000000000000000001C /* MeetingDetailView.swift */ = {isa = PBXFileReference; lastKnownFileType = sourcecode.swift; path = MeetingDetailView.swift; sourceTree = "<group>"; };
		1A000000000000000000001D /* CalendarView.swift */ = {isa = PBXFileReference; lastKnownFileType = sourcecode.swift; path = CalendarView.swift; sourceTree = "<group>"; };
		1A000000000000000000001E /* CalendarMeetingRow.swift */ = {isa = PBXFileReference; lastKnownFileType = sourcecode.swift; path = CalendarMeetingRow.swift; sourceTree = "<group>"; };
		1A000000000000000000001F /* SearchResultsView.swift */ = {isa = PBXFileReference; lastKnownFileType = sourcecode.swift; path = SearchResultsView.swift; sourceTree = "<group>"; };
		1A00000000000000000000B0 /* DictationManager.swift */ = {isa = PBXFileReference; lastKnownFileType = sourcecode.swift; path = DictationManager.swift; sourceTree = "<group>"; };
		1A00000000000000000000B1 /* DictationIndicatorView.swift */ = {isa = PBXFileReference; lastKnownFileType = sourcecode.swift; path = DictationIndicatorView.swift; sourceTree = "<group>"; };
		1A00000000000000000000B2 /* DictationOverlayWindow.swift */ = {isa = PBXFileReference; lastKnownFileType = sourcecode.swift; path = DictationOverlayWindow.swift; sourceTree = "<group>"; };
		1A00000000000000000000B3 /* HotkeyManager.swift */ = {isa = PBXFileReference; lastKnownFileType = sourcecode.swift; path = HotkeyManager.swift; sourceTree = "<group>"; };
		1A00000000000000000000B4 /* AgentAPIManager.swift */ = {isa = PBXFileReference; lastKnownFileType = sourcecode.swift; path = AgentAPIManager.swift; sourceTree = "<group>"; };
		1A00000000000000000000B5 /* OnboardingView.swift */ = {isa = PBXFileReference; lastKnownFileType = sourcecode.swift; path = OnboardingView.swift; sourceTree = "<group>"; };
		1A00000000000000000000B6 /* SettingsView.swift */ = {isa = PBXFileReference; lastKnownFileType = sourcecode.swift; path = SettingsView.swift; sourceTree = "<group>"; };
		1A00000000000000000000B7 /* ErrorHandlingView.swift */ = {isa = PBXFileReference; lastKnownFileType = sourcecode.swift; path = ErrorHandlingView.swift; sourceTree = "<group>"; };
		1A00000000000000000000D0 /* RecordingIsland.swift */ = {isa = PBXFileReference; lastKnownFileType = sourcecode.swift; path = RecordingIsland.swift; sourceTree = "<group>"; };
		1A00000000000000000000D1 /* MainAppWindow.swift */ = {isa = PBXFileReference; lastKnownFileType = sourcecode.swift; path = MainAppWindow.swift; sourceTree = "<group>"; };
		1A00000000000000000000D2 /* OnboardingWizard.swift */ = {isa = PBXFileReference; lastKnownFileType = sourcecode.swift; path = OnboardingWizard.swift; sourceTree = "<group>"; };
		1A00000000000000000000D3 /* QuickDictationPill.swift */ = {isa = PBXFileReference; lastKnownFileType = sourcecode.swift; path = QuickDictationPill.swift; sourceTree = "<group>"; };
		1A00000000000000000000D4 /* QuickRecording.swift */ = {isa = PBXFileReference; lastKnownFileType = sourcecode.swift; path = QuickRecording.swift; sourceTree = "<group>"; };
		1A00000000000000000000D5 /* MeetingDetector.swift */ = {isa = PBXFileReference; lastKnownFileType = sourcecode.swift; path = MeetingDetector.swift; sourceTree = "<group>"; };
		1A00000000000000000000D6 /* ErrorToast.swift */ = {isa = PBXFileReference; lastKnownFileType = sourcecode.swift; path = ErrorToast.swift; sourceTree = "<group>"; };
		1A00000000000000000000F1 /* SummaryTemplate.swift */ = {isa = PBXFileReference; lastKnownFileType = sourcecode.swift; path = SummaryTemplate.swift; sourceTree = "<group>"; };
		1A00000000000000000000F3 /* PostProcessingService.swift */ = {isa = PBXFileReference; lastKnownFileType = sourcecode.swift; path = PostProcessingService.swift; sourceTree = "<group>"; };
		1A00000000000000000000F5 /* SummaryTemplatesSettingsTab.swift */ = {isa = PBXFileReference; lastKnownFileType = sourcecode.swift; path = SummaryTemplatesSettingsTab.swift; sourceTree = "<group>"; };
		1A00000000000000000000F7 /* BrandAssets.swift */ = {isa = PBXFileReference; lastKnownFileType = sourcecode.swift; path = BrandAssets.swift; sourceTree = "<group>"; };
		1A00000000000000000000F9 /* SidebarView.swift */ = {isa = PBXFileReference; lastKnownFileType = sourcecode.swift; path = SidebarView.swift; sourceTree = "<group>"; };
		1A00000000000000000000FB /* HomeView.swift */ = {isa = PBXFileReference; lastKnownFileType = sourcecode.swift; path = HomeView.swift; sourceTree = "<group>"; };
		1A00000000000000000000FD /* AnalyticsView.swift */ = {isa = PBXFileReference; lastKnownFileType = sourcecode.swift; path = AnalyticsView.swift; sourceTree = "<group>"; };
		1A00000000000000000000FF /* TemplatesView.swift */ = {isa = PBXFileReference; lastKnownFileType = sourcecode.swift; path = TemplatesView.swift; sourceTree = "<group>"; };
		1A0000000000000000000101 /* DebugTools.swift */ = {isa = PBXFileReference; lastKnownFileType = sourcecode.swift; path = DebugTools.swift; sourceTree = "<group>"; };
		1A0000000000000000000103 /* ParticipantService.swift */ = {isa = PBXFileReference; lastKnownFileType = sourcecode.swift; path = ParticipantService.swift; sourceTree = "<group>"; };
		1A0000000000000000000105 /* SpeakerLabelingView.swift */ = {isa = PBXFileReference; lastKnownFileType = sourcecode.swift; path = SpeakerLabelingView.swift; sourceTree = "<group>"; };
		1A0000000000000000000107 /* AudioCompressor.swift */ = {isa = PBXFileReference; lastKnownFileType = sourcecode.swift; path = AudioCompressor.swift; sourceTree = "<group>"; };
		1A0000000000000000000109 /* SilenceProcessor.swift */ = {isa = PBXFileReference; lastKnownFileType = sourcecode.swift; path = SilenceProcessor.swift; sourceTree = "<group>"; };
		1A000000000000000000010B /* BrandComponents.swift */ = {isa = PBXFileReference; lastKnownFileType = sourcecode.swift; path = BrandComponents.swift; sourceTree = "<group>"; };
		1A000000000000000000010D /* TestAPIServer.swift */ = {isa = PBXFileReference; lastKnownFileType = sourcecode.swift; path = TestAPIServer.swift; sourceTree = "<group>"; };
		1A000000000000000000010F /* AppLogger.swift */ = {isa = PBXFileReference; lastKnownFileType = sourcecode.swift; path = AppLogger.swift; sourceTree = "<group>"; };
		1A0000000000000000000111 /* MeetingGroup.swift */ = {isa = PBXFileReference; lastKnownFileType = sourcecode.swift; path = MeetingGroup.swift; sourceTree = "<group>"; };
		1A0000000000000000000113 /* GroupManager.swift */ = {isa = PBXFileReference; lastKnownFileType = sourcecode.swift; path = GroupManager.swift; sourceTree = "<group>"; };
		1A0000000000000000000115 /* MeetingGroupsView.swift */ = {isa = PBXFileReference; lastKnownFileType = sourcecode.swift; path = MeetingGroupsView.swift; sourceTree = "<group>"; };
		F4WHATSAPP00001 /* WhatsAppCallDetector.swift */ = {isa = PBXFileReference; lastKnownFileType = sourcecode.swift; path = WhatsAppCallDetector.swift; sourceTree = "<group>"; };
		1AAUTORULE00001 /* AutoRuleStats.swift */ = {isa = PBXFileReference; lastKnownFileType = sourcecode.swift; path = AutoRuleStats.swift; sourceTree = "<group>"; };
		1ATRANSPROC00001 /* TranscriptionProcess.swift */ = {isa = PBXFileReference; lastKnownFileType = sourcecode.swift; path = TranscriptionProcess.swift; sourceTree = "<group>"; };
		1ASUMMAPROC00001 /* SummarizationProcess.swift */ = {isa = PBXFileReference; lastKnownFileType = sourcecode.swift; path = SummarizationProcess.swift; sourceTree = "<group>"; };
		1AAPICALLLOG00001 /* APICallLog.swift */ = {isa = PBXFileReference; lastKnownFileType = sourcecode.swift; path = APICallLog.swift; sourceTree = "<group>"; };
		1BPROJECT00001 /* Project.swift */ = {isa = PBXFileReference; lastKnownFileType = sourcecode.swift; path = Project.swift; sourceTree = "<group>"; };
		1BPROJMGR00001 /* ProjectManager.swift */ = {isa = PBXFileReference; lastKnownFileType = sourcecode.swift; path = ProjectManager.swift; sourceTree = "<group>"; };
		1BPROJVIEW00001 /* ProjectsView.swift */ = {isa = PBXFileReference; lastKnownFileType = sourcecode.swift; path = ProjectsView.swift; sourceTree = "<group>"; };
		1BPROJDASH00001 /* ProjectDashboardView.swift */ = {isa = PBXFileReference; lastKnownFileType = sourcecode.swift; path = ProjectDashboardView.swift; sourceTree = "<group>"; };
		1BDEEPGRAM00001 /* DeepgramTranscriptionProvider.swift */ = {isa = PBXFileReference; lastKnownFileType = sourcecode.swift; path = DeepgramTranscriptionProvider.swift; sourceTree = "<group>"; };
		1CSPEAKERID00001 /* SpeakerIdentificationService.swift */ = {isa = PBXFileReference; lastKnownFileType = sourcecode.swift; path = SpeakerIdentificationService.swift; sourceTree = "<group>"; };
		1CACTIONITEM00001 /* ActionItem.swift */ = {isa = PBXFileReference; lastKnownFileType = sourcecode.swift; path = ActionItem.swift; sourceTree = "<group>"; };
		1CACTIONMGR00001 /* ActionItemManager.swift */ = {isa = PBXFileReference; lastKnownFileType = sourcecode.swift; path = ActionItemManager.swift; sourceTree = "<group>"; };
		1CACTIONVIEWS00001 /* ActionItemViews.swift */ = {isa = PBXFileReference; lastKnownFileType = sourcecode.swift; path = ActionItemViews.swift; sourceTree = "<group>"; };
		1CACTIONDASH00001 /* ActionItemsDashboardView.swift */ = {isa = PBXFileReference; lastKnownFileType = sourcecode.swift; path = ActionItemsDashboardView.swift; sourceTree = "<group>"; };
		1DCLIINSTALL00001 /* CLIInstaller.swift */ = {isa = PBXFileReference; lastKnownFileType = sourcecode.swift; path = CLIInstaller.swift; sourceTree = "<group>"; };
		1EMTGTEMPL00001 /* MeetingTemplate.swift */ = {isa = PBXFileReference; lastKnownFileType = sourcecode.swift; path = MeetingTemplate.swift; sourceTree = "<group>"; };
		1EMTGTEMPLVIEW00001 /* MeetingTemplatesView.swift */ = {isa = PBXFileReference; lastKnownFileType = sourcecode.swift; path = MeetingTemplatesView.swift; sourceTree = "<group>"; };
		1FVOICEEMBED00001 /* VoiceEmbeddingClient.swift */ = {isa = PBXFileReference; lastKnownFileType = sourcecode.swift; path = VoiceEmbeddingClient.swift; sourceTree = "<group>"; };
		1FSPEAKERPROF00001 /* SpeakerProfile.swift */ = {isa = PBXFileReference; lastKnownFileType = sourcecode.swift; path = SpeakerProfile.swift; sourceTree = "<group>"; };
		1FSPEAKERSET00001 /* SpeakerProfilesSettingsView.swift */ = {isa = PBXFileReference; lastKnownFileType = sourcecode.swift; path = SpeakerProfilesSettingsView.swift; sourceTree = "<group>"; };
		1FSPEAKEREMBED00001 /* SpeakerEmbeddingService.swift */ = {isa = PBXFileReference; lastKnownFileType = sourcecode.swift; path = SpeakerEmbeddingService.swift; sourceTree = "<group>"; };
		1GTRANSCITE00001 /* TranscriptCitation.swift */ = {isa = PBXFileReference; lastKnownFileType = sourcecode.swift; path = TranscriptCitation.swift; sourceTree = "<group>"; };
		1HAUDIOIMP00001 /* AudioImportManager.swift */ = {isa = PBXFileReference; lastKnownFileType = sourcecode.swift; path = AudioImportManager.swift; sourceTree = "<group>"; };
/* End PBXFileReference section */

/* Begin PBXFrameworksBuildPhase section */
		1A0000000000000000000020 /* Frameworks */ = {
			isa = PBXFrameworksBuildPhase;
			buildActionMask = 2147483647;
			files = (
				1A000000000000000000000B /* GRDB in Frameworks */,
				1A00000000000000000000SP /* Sparkle in Frameworks */,
			);
			runOnlyForDeploymentPostprocessing = 0;
		};
/* End PBXFrameworksBuildPhase section */

/* Begin PBXGroup section */
		1A0000000000000000000030 = {
			isa = PBXGroup;
			children = (
				1A0000000000000000000031 /* MeetingRecorder */,
				1A0000000000000000000032 /* Products */,
			);
			sourceTree = "<group>";
		};
		1A0000000000000000000031 /* MeetingRecorder */ = {
			isa = PBXGroup;
			children = (
				1A0000000000000000000011 /* MeetingRecorderApp.swift */,
				1A0000000000000000000012 /* ContentView.swift */,
				1A0000000000000000000013 /* ValidationManager.swift */,
				1A0000000000000000000014 /* KeychainHelper.swift */,
				1A0000000000000000000017 /* AudioCaptureManager.swift */,
				1A0000000000000000000018 /* TranscriptionService.swift */,
				1ATRANSPROC00001 /* TranscriptionProcess.swift */,
				1ASUMMAPROC00001 /* SummarizationProcess.swift */,
				1A0000000000000000000019 /* Meeting.swift */,
				1A000000000000000000001A /* DatabaseManager.swift */,
				1A000000000000000000001B /* MeetingListView.swift */,
				1A000000000000000000001C /* MeetingDetailView.swift */,
				1A000000000000000000001D /* CalendarView.swift */,
				1A000000000000000000001E /* CalendarMeetingRow.swift */,
				1A000000000000000000001F /* SearchResultsView.swift */,
				1A00000000000000000000B0 /* DictationManager.swift */,
				1A00000000000000000000B1 /* DictationIndicatorView.swift */,
				1A00000000000000000000B2 /* DictationOverlayWindow.swift */,
				1A00000000000000000000B3 /* HotkeyManager.swift */,
				1A00000000000000000000B4 /* AgentAPIManager.swift */,
				1A00000000000000000000B5 /* OnboardingView.swift */,
				1A00000000000000000000B6 /* SettingsView.swift */,
				1A00000000000000000000B7 /* ErrorHandlingView.swift */,
				1A00000000000000000000D0 /* RecordingIsland.swift */,
				1A00000000000000000000D1 /* MainAppWindow.swift */,
				1A00000000000000000000D2 /* OnboardingWizard.swift */,
				1A00000000000000000000D3 /* QuickDictationPill.swift */,
				1A00000000000000000000D4 /* QuickRecording.swift */,
				1A00000000000000000000D5 /* MeetingDetector.swift */,
				F4WHATSAPP00001 /* WhatsAppCallDetector.swift */,
				1AAUTORULE00001 /* AutoRuleStats.swift */,
				1A00000000000000000000D6 /* ErrorToast.swift */,
				1A00000000000000000000F1 /* SummaryTemplate.swift */,
				1A00000000000000000000F3 /* PostProcessingService.swift */,
				1A00000000000000000000F5 /* SummaryTemplatesSettingsTab.swift */,
				1A00000000000000000000F7 /* BrandAssets.swift */,
				1A000000000000000000010B /* BrandComponents.swift */,
				1A000000000000000000010D /* TestAPIServer.swift */,
				1A00000000000000000000F9 /* SidebarView.swift */,
				1A00000000000000000000FB /* HomeView.swift */,
				1A00000000000000000000FD /* AnalyticsView.swift */,
				1A00000000000000000000FF /* TemplatesView.swift */,
				1A0000000000000000000101 /* DebugTools.swift */,
				1A0000000000000000000103 /* ParticipantService.swift */,
				1A0000000000000000000105 /* SpeakerLabelingView.swift */,
				1A0000000000000000000107 /* AudioCompressor.swift */,
				1A0000000000000000000109 /* SilenceProcessor.swift */,
				1A000000000000000000010F /* AppLogger.swift */,
				1A0000000000000000000111 /* MeetingGroup.swift */,
				1A0000000000000000000113 /* GroupManager.swift */,
				1A0000000000000000000115 /* MeetingGroupsView.swift */,
				1AAPICALLLOG00001 /* APICallLog.swift */,
				1BPROJECT00001 /* Project.swift */,
				1BPROJMGR00001 /* ProjectManager.swift */,
				1BPROJVIEW00001 /* ProjectsView.swift */,
				1BPROJDASH00001 /* ProjectDashboardView.swift */,
				1BDEEPGRAM00001 /* DeepgramTranscriptionProvider.swift */,
				1CSPEAKERID00001 /* SpeakerIdentificationService.swift */,
				1CACTIONITEM00001 /* ActionItem.swift */,
				1CACTIONMGR00001 /* ActionItemManager.swift */,
				1CACTIONVIEWS00001 /* ActionItemViews.swift */,
				1CACTIONDASH00001 /* ActionItemsDashboardView.swift */,
				1DCLIINSTALL00001 /* CLIInstaller.swift */,
				1EMTGTEMPL00001 /* MeetingTemplate.swift */,
				1EMTGTEMPLVIEW00001 /* MeetingTemplatesView.swift */,
				1FVOICEEMBED00001 /* VoiceEmbeddingClient.swift */,
				1FSPEAKERPROF00001 /* SpeakerProfile.swift */,
				1FSPEAKERSET00001 /* SpeakerProfilesSettingsView.swift */,
				1FSPEAKEREMBED00001 /* SpeakerEmbeddingService.swift */,
				1GTRANSCITE00001 /* TranscriptCitation.swift */,
				1HAUDIOIMP00001 /* AudioImportManager.swift */,
				1A0000000000000000000015 /* Info.plist */,
				1A0000000000000000000016 /* MeetingRecorder.entitlements */,
			);
			path = MeetingRecorder;
			sourceTree = "<group>";
		};
		1A0000000000000000000032 /* Products */ = {
			isa = PBXGroup;
			children = (
				1A0000000000000000000010 /* MeetingRecorder.app */,
			);
			name = Products;
			sourceTree = "<group>";
		};
/* End PBXGroup section */

/* Begin PBXShellScriptBuildPhase section */
		1AAMBIENTCLI0001 /* Build Ambient CLI */ = {
			isa = PBXShellScriptBuildPhase;
			buildActionMask = 2147483647;
			files = (
			);
			inputFileListPaths = (
			);
			inputPaths = (
				"$(SRCROOT)/AmbientCLI/Sources/ambient/main.swift",
				"$(SRCROOT)/AmbientCLI/Package.swift",
			);
			name = "Build Ambient CLI";
			outputFileListPaths = (
			);
			outputPaths = (
				"$(BUILT_PRODUCTS_DIR)/$(PRODUCT_NAME).app/Contents/MacOS/ambient",
			);
			runOnlyForDeploymentPostprocessing = 0;
			shellPath = /bin/sh;
			shellScript = "# Build the Ambient CLI and copy to app bundle\ncd \"${SRCROOT}/AmbientCLI\"\n\nif [ \"${CONFIGURATION}\" = \"Release\" ]; then\n    swift build -c release\n    CLI_PATH=\".build/release/ambient\"\nelse\n    swift build\n    CLI_PATH=\".build/debug/ambient\"\nfi\n\n# Copy CLI binary to app bundle\nmkdir -p \"${BUILT_PRODUCTS_DIR}/${PRODUCT_NAME}.app/Contents/MacOS\"\ncp \"$CLI_PATH\" \"${BUILT_PRODUCTS_DIR}/${PRODUCT_NAME}.app/Contents/MacOS/ambient\"\n\necho \"Ambient CLI copied to app bundle\"\n";
		};
/* End PBXShellScriptBuildPhase section */

/* Begin PBXNativeTarget section */
		1A0000000000000000000040 /* MeetingRecorder */ = {
			isa = PBXNativeTarget;
			buildConfigurationList = 1A0000000000000000000060 /* Build configuration list for PBXNativeTarget "MeetingRecorder" */;
			buildPhases = (
				1A0000000000000000000041 /* Sources */,
				1A0000000000000000000020 /* Frameworks */,
				1A0000000000000000000042 /* Resources */,
				1AAMBIENTCLI0001 /* Build Ambient CLI */,
			);
			buildRules = (
			);
			dependencies = (
			);
			name = MeetingRecorder;
			packageProductDependencies = (
				1A00000000000000000000A1 /* GRDB */,
			);
			productName = MeetingRecorder;
			productReference = 1A0000000000000000000010 /* MeetingRecorder.app */;
			productType = "com.apple.product-type.application";
		};
/* End PBXNativeTarget section */

/* Begin PBXProject section */
		1A0000000000000000000050 /* Project object */ = {
			isa = PBXProject;
			attributes = {
				BuildIndependentTargetsInParallel = 1;
				LastSwiftUpdateCheck = 1500;
				LastUpgradeCheck = 1500;
				TargetAttributes = {
					1A0000000000000000000040 = {
						CreatedOnToolsVersion = 15.0;
					};
				};
			};
			buildConfigurationList = 1A0000000000000000000051 /* Build configuration list for PBXProject "MeetingRecorder" */;
			compatibilityVersion = "Xcode 14.0";
			developmentRegion = en;
			hasScannedForEncodings = 0;
			knownRegions = (
				en,
				Base,
			);
			mainGroup = 1A0000000000000000000030;
			packageReferences = (
				1A00000000000000000000A0 /* XCRemoteSwiftPackageReference "GRDB.swift" */,
				1A00000000000000000000S0 /* XCRemoteSwiftPackageReference "Sparkle" */,
			);
			productRefGroup = 1A0000000000000000000032 /* Products */;
			projectDirPath = "";
			projectRoot = "";
			targets = (
				1A0000000000000000000040 /* MeetingRecorder */,
			);
		};
/* End PBXProject section */

/* Begin PBXResourcesBuildPhase section */
		1A0000000000000000000042 /* Resources */ = {
			isa = PBXResourcesBuildPhase;
			buildActionMask = 2147483647;
			files = (
			);
			runOnlyForDeploymentPostprocessing = 0;
		};
/* End PBXResourcesBuildPhase section */

/* Begin PBXSourcesBuildPhase section */
		1A0000000000000000000041 /* Sources */ = {
			isa = PBXSourcesBuildPhase;
			buildActionMask = 2147483647;
			files = (
				1A0000000000000000000001 /* MeetingRecorderApp.swift in Sources */,
				1A0000000000000000000002 /* ContentView.swift in Sources */,
				1A0000000000000000000003 /* ValidationManager.swift in Sources */,
				1A0000000000000000000004 /* KeychainHelper.swift in Sources */,
				1A0000000000000000000005 /* AudioCaptureManager.swift in Sources */,
				1A0000000000000000000006 /* TranscriptionService.swift in Sources */,
				1A0000000000000000000007 /* Meeting.swift in Sources */,
				1A0000000000000000000008 /* DatabaseManager.swift in Sources */,
				1A0000000000000000000009 /* MeetingListView.swift in Sources */,
				1A000000000000000000000A /* MeetingDetailView.swift in Sources */,
				1A00000000000000000000C0 /* CalendarView.swift in Sources */,
				1A00000000000000000000C1 /* CalendarMeetingRow.swift in Sources */,
				1A00000000000000000000C2 /* SearchResultsView.swift in Sources */,
				1A00000000000000000000C3 /* DictationManager.swift in Sources */,
				1A00000000000000000000C4 /* DictationIndicatorView.swift in Sources */,
				1A00000000000000000000C5 /* DictationOverlayWindow.swift in Sources */,
				1A00000000000000000000C6 /* HotkeyManager.swift in Sources */,
				1A00000000000000000000C7 /* AgentAPIManager.swift in Sources */,
				1A00000000000000000000C8 /* OnboardingView.swift in Sources */,
				1A00000000000000000000C9 /* SettingsView.swift in Sources */,
				1A00000000000000000000CA /* ErrorHandlingView.swift in Sources */,
				1A00000000000000000000E0 /* RecordingIsland.swift in Sources */,
				1A00000000000000000000E1 /* MainAppWindow.swift in Sources */,
				1A00000000000000000000E2 /* OnboardingWizard.swift in Sources */,
				1A00000000000000000000E3 /* QuickDictationPill.swift in Sources */,
				1A00000000000000000000E4 /* QuickRecording.swift in Sources */,
				1A00000000000000000000E5 /* MeetingDetector.swift in Sources */,
				F4WHATSAPP00002 /* WhatsAppCallDetector.swift in Sources */,
				1AAUTORULE00002 /* AutoRuleStats.swift in Sources */,
				1A00000000000000000000E6 /* ErrorToast.swift in Sources */,
				1A00000000000000000000F0 /* SummaryTemplate.swift in Sources */,
				1A00000000000000000000F2 /* PostProcessingService.swift in Sources */,
				1A00000000000000000000F4 /* SummaryTemplatesSettingsTab.swift in Sources */,
				1A00000000000000000000F6 /* BrandAssets.swift in Sources */,
				1A000000000000000000010A /* BrandComponents.swift in Sources */,
				1A000000000000000000010C /* TestAPIServer.swift in Sources */,
				1A00000000000000000000F8 /* SidebarView.swift in Sources */,
				1A00000000000000000000FA /* HomeView.swift in Sources */,
				1A00000000000000000000FC /* AnalyticsView.swift in Sources */,
				1A00000000000000000000FE /* TemplatesView.swift in Sources */,
				1A0000000000000000000100 /* DebugTools.swift in Sources */,
				1A0000000000000000000102 /* ParticipantService.swift in Sources */,
				1A0000000000000000000104 /* SpeakerLabelingView.swift in Sources */,
				1A0000000000000000000106 /* AudioCompressor.swift in Sources */,
				1A0000000000000000000108 /* SilenceProcessor.swift in Sources */,
				1A000000000000000000010E /* AppLogger.swift in Sources */,
				1A0000000000000000000110 /* MeetingGroup.swift in Sources */,
				1A0000000000000000000112 /* GroupManager.swift in Sources */,
				1A0000000000000000000114 /* MeetingGroupsView.swift in Sources */,
				1ATRANSPROC00002 /* TranscriptionProcess.swift in Sources */,
				1ASUMMAPROC00002 /* SummarizationProcess.swift in Sources */,
				1AAPICALLLOG00002 /* APICallLog.swift in Sources */,
				1BPROJECT00002 /* Project.swift in Sources */,
				1BPROJMGR00002 /* ProjectManager.swift in Sources */,
				1BPROJVIEW00002 /* ProjectsView.swift in Sources */,
				1BPROJDASH00002 /* ProjectDashboardView.swift in Sources */,
				1BDEEPGRAM00002 /* DeepgramTranscriptionProvider.swift in Sources */,
				1CSPEAKERID00002 /* SpeakerIdentificationService.swift in Sources */,
				1CACTIONITEM00002 /* ActionItem.swift in Sources */,
				1CACTIONMGR00002 /* ActionItemManager.swift in Sources */,
				1CACTIONVIEWS00002 /* ActionItemViews.swift in Sources */,
				1CACTIONDASH00002 /* ActionItemsDashboardView.swift in Sources */,
				1DCLIINSTALL00002 /* CLIInstaller.swift in Sources */,
				1EMTGTEMPL00002 /* MeetingTemplate.swift in Sources */,
				1EMTGTEMPLVIEW00002 /* MeetingTemplatesView.swift in Sources */,
				1FVOICEEMBED00002 /* VoiceEmbeddingClient.swift in Sources */,
				1FSPEAKERPROF00002 /* SpeakerProfile.swift in Sources */,
				1FSPEAKERSET00002 /* SpeakerProfilesSettingsView.swift in Sources */,
				1FSPEAKEREMBED00002 /* SpeakerEmbeddingService.swift in Sources */,
				1GTRANSCITE00002 /* TranscriptCitation.swift in Sources */,
				1HAUDIOIMP00002 /* AudioImportManager.swift in Sources */,
			);
			runOnlyForDeploymentPostprocessing = 0;
		};
/* End PBXSourcesBuildPhase section */

/* Begin XCBuildConfiguration section */
		1A0000000000000000000070 /* Debug */ = {
			isa = XCBuildConfiguration;
			buildSettings = {
				ALWAYS_SEARCH_USER_PATHS = NO;
				ASSETCATALOG_COMPILER_GENERATE_SWIFT_ASSET_SYMBOL_EXTENSIONS = YES;
				CLANG_ANALYZER_NONNULL = YES;
				CLANG_ANALYZER_NUMBER_OBJECT_CONVERSION = YES_AGGRESSIVE;
				CLANG_CXX_LANGUAGE_STANDARD = "gnu++20";
				CLANG_ENABLE_MODULES = YES;
				CLANG_ENABLE_OBJC_ARC = YES;
				CLANG_ENABLE_OBJC_WEAK = YES;
				CLANG_WARN_BLOCK_CAPTURE_AUTORELEASING = YES;
				CLANG_WARN_BOOL_CONVERSION = YES;
				CLANG_WARN_COMMA = YES;
				CLANG_WARN_CONSTANT_CONVERSION = YES;
				CLANG_WARN_DEPRECATED_OBJC_IMPLEMENTATIONS = YES;
				CLANG_WARN_DIRECT_OBJC_ISA_USAGE = YES_ERROR;
				CLANG_WARN_DOCUMENTATION_COMMENTS = YES;
				CLANG_WARN_EMPTY_BODY = YES;
				CLANG_WARN_ENUM_CONVERSION = YES;
				CLANG_WARN_INFINITE_RECURSION = YES;
				CLANG_WARN_INT_CONVERSION = YES;
				CLANG_WARN_NON_LITERAL_NULL_CONVERSION = YES;
				CLANG_WARN_OBJC_IMPLICIT_RETAIN_SELF = YES;
				CLANG_WARN_OBJC_LITERAL_CONVERSION = YES;
				CLANG_WARN_OBJC_ROOT_CLASS = YES_ERROR;
				CLANG_WARN_QUOTED_INCLUDE_IN_FRAMEWORK_HEADER = YES;
				CLANG_WARN_RANGE_LOOP_ANALYSIS = YES;
				CLANG_WARN_STRICT_PROTOTYPES = YES;
				CLANG_WARN_SUSPICIOUS_MOVE = YES;
				CLANG_WARN_UNGUARDED_AVAILABILITY = YES_AGGRESSIVE;
				CLANG_WARN_UNREACHABLE_CODE = YES;
				CLANG_WARN__DUPLICATE_METHOD_MATCH = YES;
				COPY_PHASE_STRIP = NO;
				DEBUG_INFORMATION_FORMAT = dwarf;
				ENABLE_STRICT_OBJC_MSGSEND = YES;
				ENABLE_TESTABILITY = YES;
				ENABLE_USER_SCRIPT_SANDBOXING = NO;
				GCC_C_LANGUAGE_STANDARD = gnu17;
				GCC_DYNAMIC_NO_PIC = NO;
				GCC_NO_COMMON_BLOCKS = YES;
				GCC_OPTIMIZATION_LEVEL = 0;
				GCC_PREPROCESSOR_DEFINITIONS = (
					"DEBUG=1",
					"$(inherited)",
				);
				GCC_WARN_64_TO_32_BIT_CONVERSION = YES;
				GCC_WARN_ABOUT_RETURN_TYPE = YES_ERROR;
				GCC_WARN_UNDECLARED_SELECTOR = YES;
				GCC_WARN_UNINITIALIZED_AUTOS = YES_AGGRESSIVE;
				GCC_WARN_UNUSED_FUNCTION = YES;
				GCC_WARN_UNUSED_VARIABLE = YES;
				MACOSX_DEPLOYMENT_TARGET = 14.0;
				MTL_ENABLE_DEBUG_INFO = INCLUDE_SOURCE;
				MTL_FAST_MATH = YES;
				ONLY_ACTIVE_ARCH = YES;
				SDKROOT = macosx;
				SWIFT_ACTIVE_COMPILATION_CONDITIONS = "DEBUG $(inherited)";
				SWIFT_OPTIMIZATION_LEVEL = "-Onone";
			};
			name = Debug;
		};
		1A0000000000000000000071 /* Release */ = {
			isa = XCBuildConfiguration;
			buildSettings = {
				ALWAYS_SEARCH_USER_PATHS = NO;
				ASSETCATALOG_COMPILER_GENERATE_SWIFT_ASSET_SYMBOL_EXTENSIONS = YES;
				CLANG_ANALYZER_NONNULL = YES;
				CLANG_ANALYZER_NUMBER_OBJECT_CONVERSION = YES_AGGRESSIVE;
				CLANG_CXX_LANGUAGE_STANDARD = "gnu++20";
				CLANG_ENABLE_MODULES = YES;
				CLANG_ENABLE_OBJC_ARC = YES;
				CLANG_ENABLE_OBJC_WEAK = YES;
				CLANG_WARN_BLOCK_CAPTURE_AUTORELEASING = YES;
				CLANG_WARN_BOOL_CONVERSION = YES;
				CLANG_WARN_COMMA = YES;
				CLANG_WARN_CONSTANT_CONVERSION = YES;
				CLANG_WARN_DEPRECATED_OBJC_IMPLEMENTATIONS = YES;
				CLANG_WARN_DIRECT_OBJC_ISA_USAGE = YES_ERROR;
				CLANG_WARN_DOCUMENTATION_COMMENTS = YES;
				CLANG_WARN_EMPTY_BODY = YES;
				CLANG_WARN_ENUM_CONVERSION = YES;
				CLANG_WARN_INFINITE_RECURSION = YES;
				CLANG_WARN_INT_CONVERSION = YES;
				CLANG_WARN_NON_LITERAL_NULL_CONVERSION = YES;
				CLANG_WARN_OBJC_IMPLICIT_RETAIN_SELF = YES;
				CLANG_WARN_OBJC_LITERAL_CONVERSION = YES;
				CLANG_WARN_OBJC_ROOT_CLASS = YES_ERROR;
				CLANG_WARN_QUOTED_INCLUDE_IN_FRAMEWORK_HEADER = YES;
				CLANG_WARN_RANGE_LOOP_ANALYSIS = YES;
				CLANG_WARN_STRICT_PROTOTYPES = YES;
				CLANG_WARN_SUSPICIOUS_MOVE = YES;
				CLANG_WARN_UNGUARDED_AVAILABILITY = YES_AGGRESSIVE;
				CLANG_WARN_UNREACHABLE_CODE = YES;
				CLANG_WARN__DUPLICATE_METHOD_MATCH = YES;
				COPY_PHASE_STRIP = NO;
				DEBUG_INFORMATION_FORMAT = "dwarf-with-dsym";
				ENABLE_NS_ASSERTIONS = NO;
				ENABLE_STRICT_OBJC_MSGSEND = YES;
				ENABLE_USER_SCRIPT_SANDBOXING = NO;
				GCC_C_LANGUAGE_STANDARD = gnu17;
				GCC_NO_COMMON_BLOCKS = YES;
				GCC_WARN_64_TO_32_BIT_CONVERSION = YES;
				GCC_WARN_ABOUT_RETURN_TYPE = YES_ERROR;
				GCC_WARN_UNDECLARED_SELECTOR = YES;
				GCC_WARN_UNINITIALIZED_AUTOS = YES_AGGRESSIVE;
				GCC_WARN_UNUSED_FUNCTION = YES;
				GCC_WARN_UNUSED_VARIABLE = YES;
				MACOSX_DEPLOYMENT_TARGET = 14.0;
				MTL_ENABLE_DEBUG_INFO = NO;
				MTL_FAST_MATH = YES;
				SDKROOT = macosx;
				SWIFT_COMPILATION_MODE = wholemodule;
			};
			name = Release;
		};
		1A0000000000000000000072 /* Debug */ = {
			isa = XCBuildConfiguration;
			buildSettings = {
				ASSETCATALOG_COMPILER_APPICON_NAME = AppIcon;
				ASSETCATALOG_COMPILER_GLOBAL_ACCENT_COLOR_NAME = AccentColor;
				CODE_SIGN_ENTITLEMENTS = MeetingRecorder/MeetingRecorder.entitlements;
				CODE_SIGN_IDENTITY = "Apple Development";
				CODE_SIGN_STYLE = Automatic;
				COMBINE_HIDPI_IMAGES = YES;
				CURRENT_PROJECT_VERSION = 1;
				DEVELOPMENT_TEAM = 8W296T4QJG;
				ENABLE_HARDENED_RUNTIME = YES;
				GENERATE_INFOPLIST_FILE = NO;
				INFOPLIST_FILE = MeetingRecorder/Info.plist;
				INFOPLIST_KEY_LSApplicationCategoryType = "public.app-category.productivity";
				INFOPLIST_KEY_NSHumanReadableCopyright = "Copyright © 2025. All rights reserved.";
				INFOPLIST_KEY_NSMicrophoneUsageDescription = "MeetingRecorder needs microphone access to capture your voice during meetings and for dictation.";
				LD_RUNPATH_SEARCH_PATHS = (
					"$(inherited)",
					"@executable_path/../Frameworks",
				);
				MACOSX_DEPLOYMENT_TARGET = 14.0;
				MARKETING_VERSION = 0.1.0;
				PRODUCT_BUNDLE_IDENTIFIER = com.meetingrecorder.app;
				PRODUCT_NAME = "$(TARGET_NAME)";
				SWIFT_EMIT_LOC_STRINGS = YES;
				SWIFT_VERSION = 5.0;
			};
			name = Debug;
		};
		1A0000000000000000000073 /* Release */ = {
			isa = XCBuildConfiguration;
			buildSettings = {
				ASSETCATALOG_COMPILER_APPICON_NAME = AppIcon;
				ASSETCATALOG_COMPILER_GLOBAL_ACCENT_COLOR_NAME = AccentColor;
				CODE_SIGN_ENTITLEMENTS = MeetingRecorder/MeetingRecorder.entitlements;
				CODE_SIGN_IDENTITY = "Apple Development";
				CODE_SIGN_STYLE = Automatic;
				COMBINE_HIDPI_IMAGES = YES;
				CURRENT_PROJECT_VERSION = 1;
				DEVELOPMENT_TEAM = 8W296T4QJG;
				ENABLE_HARDENED_RUNTIME = YES;
				GENERATE_INFOPLIST_FILE = NO;
				INFOPLIST_FILE = MeetingRecorder/Info.plist;
				INFOPLIST_KEY_LSApplicationCategoryType = "public.app-category.productivity";
				INFOPLIST_KEY_NSHumanReadableCopyright = "Copyright © 2025. All rights reserved.";
				INFOPLIST_KEY_NSMicrophoneUsageDescription = "MeetingRecorder needs microphone access to capture your voice during meetings and for dictation.";
				LD_RUNPATH_SEARCH_PATHS = (
					"$(inherited)",
					"@executable_path/../Frameworks",
				);
				MACOSX_DEPLOYMENT_TARGET = 14.0;
				MARKETING_VERSION = 0.1.0;
				PRODUCT_BUNDLE_IDENTIFIER = com.meetingrecorder.app;
				PRODUCT_NAME = "$(TARGET_NAME)";
				SWIFT_EMIT_LOC_STRINGS = YES;
				SWIFT_VERSION = 5.0;
			};
			name = Release;
		};
/* End XCBuildConfiguration section */

/* Begin XCConfigurationList section */
		1A0000000000000000000051 /* Build configuration list for PBXProject "MeetingRecorder" */ = {
			isa = XCConfigurationList;
			buildConfigurations = (
				1A0000000000000000000070 /* Debug */,
				1A0000000000000000000071 /* Release */,
			);
			defaultConfigurationIsVisible = 0;
			defaultConfigurationName = Release;
		};
		1A0000000000000000000060 /* Build configuration list for PBXNativeTarget "MeetingRecorder" */ = {
			isa = XCConfigurationList;
			buildConfigurations = (
				1A0000000000000000000072 /* Debug */,
				1A0000000000000000000073 /* Release */,
			);
			defaultConfigurationIsVisible = 0;
			defaultConfigurationName = Release;
		};
/* End XCConfigurationList section */

/* Begin XCRemoteSwiftPackageReference section */
		1A00000000000000000000A0 /* XCRemoteSwiftPackageReference "GRDB.swift" */ = {
			isa = XCRemoteSwiftPackageReference;
			repositoryURL = "https://github.com/groue/GRDB.swift.git";
			requirement = {
				kind = upToNextMajorVersion;
				minimumVersion = 6.24.0;
			};
		};
		1A00000000000000000000S0 /* XCRemoteSwiftPackageReference "Sparkle" */ = {
			isa = XCRemoteSwiftPackageReference;
			repositoryURL = "https://github.com/sparkle-project/Sparkle";
			requirement = {
				kind = upToNextMajorVersion;
				minimumVersion = 2.6.0;
			};
		};
/* End XCRemoteSwiftPackageReference section */

/* Begin XCSwiftPackageProductDependency section */
		1A00000000000000000000A1 /* GRDB */ = {
			isa = XCSwiftPackageProductDependency;
			package = 1A00000000000000000000A0 /* XCRemoteSwiftPackageReference "GRDB.swift" */;
			productName = GRDB;
		};
		1A00000000000000000000S1 /* Sparkle */ = {
			isa = XCSwiftPackageProductDependency;
			package = 1A00000000000000000000S0 /* XCRemoteSwiftPackageReference "Sparkle" */;
			productName = Sparkle;
		};
/* End XCSwiftPackageProductDependency section */
	};
	rootObject = 1A0000000000000000000050 /* Project object */;
}
